<?xml version="1.0" encoding="utf-8"?>
<Project ToolsVersion="4.0" xmlns="http://schemas.microsoft.com/developer/msbuild/2003">
  <ItemGroup>
    <ClCompile Include="Obj.cpp">
      <Filter>01.Obj</Filter>
    </ClCompile>
    <ClCompile Include="MainGame.cpp">
      <Filter>00.MainGame</Filter>
    </ClCompile>
    <ClCompile Include="CookieRun.cpp">
      <Filter>99.Defualt</Filter>
    </ClCompile>
    <ClCompile Include="stdafx.cpp">
      <Filter>99.Defualt</Filter>
    </ClCompile>
    <ClCompile Include="Texture_Manager.cpp">
      <Filter>97.Manager</Filter>
    </ClCompile>
    <ClCompile Include="Scene.cpp">
      <Filter>Scene</Filter>
    </ClCompile>
    <ClCompile Include="Stage.cpp">
      <Filter>Scene\Stage</Filter>
    </ClCompile>
    <ClCompile Include="Stage_Setting.cpp">
      <Filter>Scene\Stage</Filter>
    </ClCompile>
    <ClCompile Include="Player.cpp">
      <Filter>01.Obj\Player</Filter>
    </ClCompile>
    <ClCompile Include="Giant.cpp">
      <Filter>01.Obj\Item</Filter>
    </ClCompile>
    <ClCompile Include="Hpup.cpp">
      <Filter>01.Obj\Item</Filter>
    </ClCompile>
    <ClCompile Include="Jelly.cpp">
      <Filter>01.Obj\Item</Filter>
    </ClCompile>
    <ClCompile Include="Score.cpp">
      <Filter>01.Obj\Item</Filter>
    </ClCompile>
    <ClCompile Include="Speed.cpp">
      <Filter>01.Obj\Item</Filter>
    </ClCompile>
    <ClCompile Include="Hpbar.cpp">
      <Filter>01.Obj\UI</Filter>
    </ClCompile>
    <ClCompile Include="Block.cpp">
      <Filter>01.Obj\Block</Filter>
    </ClCompile>
    <ClCompile Include="DjumpBlock.cpp">
      <Filter>01.Obj\Block</Filter>
    </ClCompile>
    <ClCompile Include="JumpBlock.cpp">
      <Filter>01.Obj\Block</Filter>
    </ClCompile>
    <ClCompile Include="Land.cpp">
      <Filter>01.Obj\Block</Filter>
    </ClCompile>
    <ClCompile Include="SlideBlock.cpp">
      <Filter>01.Obj\Block</Filter>
    </ClCompile>
    <ClCompile Include="CollisionMgr.cpp">
      <Filter>97.Manager\CollisionMgr</Filter>
    </ClCompile>
    <ClCompile Include="Graphic_Device.cpp">
      <Filter>97.Manager\GraphicDevice</Filter>
    </ClCompile>
    <ClCompile Include="KeyMgr.cpp">
      <Filter>97.Manager\KeyMgr</Filter>
    </ClCompile>
    <ClCompile Include="ObjMgr.cpp">
      <Filter>97.Manager\ObjMgr</Filter>
    </ClCompile>
    <ClCompile Include="SceneMgr.cpp">
      <Filter>97.Manager\SceneMgr</Filter>
    </ClCompile>
    <ClCompile Include="ScrollMgr.cpp">
      <Filter>97.Manager\ScrollMgr</Filter>
    </ClCompile>
    <ClCompile Include="MultiTexture.cpp">
      <Filter>Texture</Filter>
    </ClCompile>
    <ClCompile Include="SingleTexture.cpp">
      <Filter>Texture</Filter>
    </ClCompile>
    <ClCompile Include="Texture.cpp">
      <Filter>Texture</Filter>
    </ClCompile>
  </ItemGroup>
  <ItemGroup>
    <ClInclude Include="Define.h">
      <Filter>98.Headers</Filter>
    </ClInclude>
    <ClInclude Include="Enum.h">
      <Filter>98.Headers</Filter>
    </ClInclude>
    <ClInclude Include="Extern.h">
      <Filter>98.Headers</Filter>
    </ClInclude>
    <ClInclude Include="Function.h">
      <Filter>98.Headers</Filter>
    </ClInclude>
    <ClInclude Include="Include.h">
      <Filter>98.Headers</Filter>
    </ClInclude>
    <ClInclude Include="Obj.h">
      <Filter>01.Obj</Filter>
    </ClInclude>
    <ClInclude Include="MainGame.h">
      <Filter>00.MainGame</Filter>
    </ClInclude>
    <ClInclude Include="CookieRun.h">
      <Filter>99.Defualt</Filter>
    </ClInclude>
    <ClInclude Include="Resource.h">
      <Filter>99.Defualt</Filter>
    </ClInclude>
    <ClInclude Include="Struct.h">
      <Filter>98.Headers</Filter>
    </ClInclude>
    <ClInclude Include="stdafx.h">
      <Filter>99.Defualt</Filter>
    </ClInclude>
    <ClInclude Include="targetver.h">
      <Filter>99.Defualt</Filter>
    </ClInclude>
    <ClInclude Include="Texture_Manager.h">
      <Filter>97.Manager</Filter>
    </ClInclude>
    <ClInclude Include="Scene.h">
      <Filter>Scene</Filter>
    </ClInclude>
    <ClInclude Include="Stage.h">
      <Filter>Scene\Stage</Filter>
    </ClInclude>
    <ClInclude Include="Stage_Setting.h">
      <Filter>Scene\Stage</Filter>
    </ClInclude>
    <ClInclude Include="Player.h">
      <Filter>01.Obj\Player</Filter>
    </ClInclude>
    <ClInclude Include="Giant.h">
      <Filter>01.Obj\Item</Filter>
    </ClInclude>
    <ClInclude Include="Hpup.h">
      <Filter>01.Obj\Item</Filter>
    </ClInclude>
    <ClInclude Include="Jelly.h">
      <Filter>01.Obj\Item</Filter>
    </ClInclude>
    <ClInclude Include="Score.h">
      <Filter>01.Obj\Item</Filter>
    </ClInclude>
    <ClInclude Include="Speed.h">
      <Filter>01.Obj\Item</Filter>
    </ClInclude>
    <ClInclude Include="Hpbar.h">
      <Filter>01.Obj\UI</Filter>
    </ClInclude>
    <ClInclude Include="Block.h">
      <Filter>01.Obj\Block</Filter>
    </ClInclude>
    <ClInclude Include="DjumpBlock.h">
      <Filter>01.Obj\Block</Filter>
    </ClInclude>
    <ClInclude Include="JumpBlock.h">
      <Filter>01.Obj\Block</Filter>
    </ClInclude>
    <ClInclude Include="Land.h">
      <Filter>01.Obj\Block</Filter>
    </ClInclude>
    <ClInclude Include="SlideBlock.h">
      <Filter>01.Obj\Block</Filter>
    </ClInclude>
    <ClInclude Include="CollisionMgr.h">
      <Filter>97.Manager\CollisionMgr</Filter>
    </ClInclude>
    <ClInclude Include="Graphic_Device.h">
      <Filter>97.Manager\GraphicDevice</Filter>
    </ClInclude>
    <ClInclude Include="KeyMgr.h">
      <Filter>97.Manager\KeyMgr</Filter>
    </ClInclude>
    <ClInclude Include="ObjMgr.h">
      <Filter>97.Manager\ObjMgr</Filter>
    </ClInclude>
    <ClInclude Include="SceneMgr.h">
      <Filter>97.Manager\SceneMgr</Filter>
    </ClInclude>
    <ClInclude Include="ScrollMgr.h">
      <Filter>97.Manager\ScrollMgr</Filter>
    </ClInclude>
    <ClInclude Include="MultiTexture.h">
      <Filter>Texture</Filter>
    </ClInclude>
    <ClInclude Include="SingleTexture.h">
      <Filter>Texture</Filter>
    </ClInclude>
    <ClInclude Include="Texture.h">
      <Filter>Texture</Filter>
    </ClInclude>
  </ItemGroup>
  <ItemGroup>
    <Image Include="CookieRun.ico">
      <Filter>99.Defualt</Filter>
    </Image>
    <Image Include="small.ico">
      <Filter>99.Defualt</Filter>
    </Image>
  </ItemGroup>
  <ItemGroup>
    <Filter Include="99.Defualt">
      <UniqueIdentifier>{d130c560-e4d6-4ba3-a10e-9aec1c0f9a60}</UniqueIdentifier>
    </Filter>
    <Filter Include="00.MainGame">
      <UniqueIdentifier>{4aa99812-441d-4498-a13d-01bb5a422ccf}</UniqueIdentifier>
    </Filter>
    <Filter Include="98.Headers">
      <UniqueIdentifier>{4475e2e9-9e70-4f21-b45a-a0555834ff9c}</UniqueIdentifier>
    </Filter>
    <Filter Include="97.Manager">
      <UniqueIdentifier>{469e13f9-96db-4f3d-bb79-8365768bcdd7}</UniqueIdentifier>
    </Filter>
    <Filter Include="01.Obj">
      <UniqueIdentifier>{90bfc630-4372-489b-be79-661df24551f7}</UniqueIdentifier>
    </Filter>
    <Filter Include="Scene">
      <UniqueIdentifier>{c5373344-93f4-4496-9e90-c56ebb93015a}</UniqueIdentifier>
    </Filter>
    <Filter Include="Scene\Stage">
      <UniqueIdentifier>{5b1db952-4d38-4942-b52a-53ccdc241af7}</UniqueIdentifier>
    </Filter>
    <Filter Include="01.Obj\Player">
      <UniqueIdentifier>{42cd6965-e19d-4af7-a7eb-5f2780f90f1a}</UniqueIdentifier>
    </Filter>
    <Filter Include="01.Obj\Item">
      <UniqueIdentifier>{a225fa9a-f467-4a7f-a716-667d5c297856}</UniqueIdentifier>
    </Filter>
    <Filter Include="01.Obj\UI">
      <UniqueIdentifier>{8fff6b0e-ae9b-4584-a9d5-1677057f5fb0}</UniqueIdentifier>
    </Filter>
    <Filter Include="01.Obj\Block">
      <UniqueIdentifier>{372ac7f7-a126-4641-b70a-1f362af97473}</UniqueIdentifier>
    </Filter>
    <Filter Include="97.Manager\CollisionMgr">
      <UniqueIdentifier>{345ebeec-046a-4ea8-a127-cd793b635614}</UniqueIdentifier>
    </Filter>
    <Filter Include="97.Manager\GraphicDevice">
      <UniqueIdentifier>{57f79d6a-7e65-4516-8e2c-61a2f0cd15f6}</UniqueIdentifier>
    </Filter>
    <Filter Include="97.Manager\KeyMgr">
      <UniqueIdentifier>{809c30e5-175f-4a13-b06e-a87b3156f2eb}</UniqueIdentifier>
    </Filter>
    <Filter Include="97.Manager\ObjMgr">
      <UniqueIdentifier>{f22b6862-b539-45e8-b97a-65d4b132657d}</UniqueIdentifier>
    </Filter>
    <Filter Include="97.Manager\SceneMgr">
      <UniqueIdentifier>{d75eef97-abd4-45ee-95ca-686c19d798a1}</UniqueIdentifier>
    </Filter>
    <Filter Include="97.Manager\ScrollMgr">
      <UniqueIdentifier>{5f6c3fd2-de14-449b-ba03-3aad7cfabb8b}</UniqueIdentifier>
    </Filter>
    <Filter Include="Texture">
      <UniqueIdentifier>{df6f5089-e3a6-45d4-b6df-bc6918a4ede0}</UniqueIdentifier>
    </Filter>
  </ItemGroup>
  <ItemGroup>
    <ResourceCompile Include="CookieRun.rc">
      <Filter>99.Defualt</Filter>
    </ResourceCompile>
  </ItemGroup>
  <ItemGroup>
    <Text Include="ReadMe.txt">
      <Filter>99.Defualt</Filter>
    </Text>
  </ItemGroup>
</Project>