<?xml version="1.0" encoding="utf-8"?>
<Project ToolsVersion="4.0" xmlns="http://schemas.microsoft.com/developer/msbuild/2003">
  <ItemGroup>
    <ClCompile Include="CollisionMgr.cpp" />
    <ClCompile Include="CookieRun.cpp" />
    <ClCompile Include="Graphic_Device.cpp" />
    <ClCompile Include="KeyMgr.cpp" />
    <ClCompile Include="MultiTexture.cpp" />
    <ClCompile Include="ObjMgr.cpp" />
    <ClCompile Include="Scene.cpp" />
    <ClCompile Include="SceneMgr.cpp" />
    <ClCompile Include="ScrollMgr.cpp" />
    <ClCompile Include="SingleTexture.cpp" />
    <ClCompile Include="Stage.cpp" />
    <ClCompile Include="stdafx.cpp" />
    <ClCompile Include="Texture.cpp" />
    <ClCompile Include="Texture_Manager.cpp" />
    <ClCompile Include="MainGame.cpp">
      <Filter>00.MainGame</Filter>
    </ClCompile>
    <ClCompile Include="Obj.cpp">
      <Filter>01.Obj</Filter>
    </ClCompile>
    <ClCompile Include="Giant.cpp">
      <Filter>01.Obj\01.Item\00.Giant</Filter>
    </ClCompile>
    <ClCompile Include="Hpup.cpp">
      <Filter>01.Obj\01.Item\01.Hpup</Filter>
    </ClCompile>
    <ClCompile Include="JumpBlock.cpp">
      <Filter>01.Obj\02.Block\00.Jump</Filter>
    </ClCompile>
    <ClCompile Include="Player.cpp">
      <Filter>01.Obj\00.Player</Filter>
    </ClCompile>
    <ClCompile Include="Score.cpp">
      <Filter>01.Obj\01.Item\02.Score</Filter>
    </ClCompile>
    <ClCompile Include="Block.cpp">
      <Filter>01.Obj\02.Block</Filter>
    </ClCompile>
    <ClCompile Include="SlideBlock.cpp">
      <Filter>01.Obj\02.Block\03.Slide</Filter>
    </ClCompile>
    <ClCompile Include="DjumpBlock.cpp">
      <Filter>01.Obj\02.Block\01.Djump</Filter>
    </ClCompile>
    <ClCompile Include="Land.cpp">
      <Filter>01.Obj\02.Block\02.Land</Filter>
    </ClCompile>
    <ClCompile Include="Speed.cpp">
      <Filter>01.Obj\01.Item\03.Speed</Filter>
    </ClCompile>
  </ItemGroup>
  <ItemGroup>
    <ClInclude Include="CollisionMgr.h" />
    <ClInclude Include="CookieRun.h" />
    <ClInclude Include="Define.h" />
    <ClInclude Include="Enum.h" />
    <ClInclude Include="Extern.h" />
    <ClInclude Include="Function.h" />
    <ClInclude Include="Graphic_Device.h" />
    <ClInclude Include="KeyMgr.h" />
    <ClInclude Include="MultiTexture.h" />
    <ClInclude Include="ObjMgr.h" />
    <ClInclude Include="Resource.h" />
    <ClInclude Include="Scene.h" />
    <ClInclude Include="SceneMgr.h" />
    <ClInclude Include="ScrollMgr.h" />
    <ClInclude Include="SingleTexture.h" />
    <ClInclude Include="Stage.h" />
    <ClInclude Include="stdafx.h" />
    <ClInclude Include="Struct.h" />
    <ClInclude Include="targetver.h" />
    <ClInclude Include="Include.h" />
    <ClInclude Include="Texture.h" />
    <ClInclude Include="Texture_Manager.h" />
    <ClInclude Include="MainGame.h">
      <Filter>00.MainGame</Filter>
    </ClInclude>
    <ClInclude Include="Obj.h">
      <Filter>01.Obj</Filter>
    </ClInclude>
    <ClInclude Include="Giant.h">
      <Filter>01.Obj\01.Item\00.Giant</Filter>
    </ClInclude>
    <ClInclude Include="Hpup.h">
      <Filter>01.Obj\01.Item\01.Hpup</Filter>
    </ClInclude>
    <ClInclude Include="JumpBlock.h">
      <Filter>01.Obj\02.Block\00.Jump</Filter>
    </ClInclude>
    <ClInclude Include="Player.h">
      <Filter>01.Obj\00.Player</Filter>
    </ClInclude>
    <ClInclude Include="Score.h">
      <Filter>01.Obj\01.Item\02.Score</Filter>
    </ClInclude>
    <ClInclude Include="Block.h">
      <Filter>01.Obj\02.Block</Filter>
    </ClInclude>
    <ClInclude Include="SlideBlock.h">
      <Filter>01.Obj\02.Block\03.Slide</Filter>
    </ClInclude>
    <ClInclude Include="DjumpBlock.h">
      <Filter>01.Obj\02.Block\01.Djump</Filter>
    </ClInclude>
    <ClInclude Include="Land.h">
      <Filter>01.Obj\02.Block\02.Land</Filter>
    </ClInclude>
    <ClInclude Include="Speed.h">
      <Filter>01.Obj\01.Item\03.Speed</Filter>
    </ClInclude>
  </ItemGroup>
  <ItemGroup>
    <ResourceCompile Include="CookieRun.rc" />
  </ItemGroup>
  <ItemGroup>
    <Image Include="CookieRun.ico" />
    <Image Include="small.ico" />
  </ItemGroup>
  <ItemGroup>
    <Text Include="ReadMe.txt" />
  </ItemGroup>
  <ItemGroup>
    <Filter Include="00.MainGame">
      <UniqueIdentifier>{a5bff12d-173c-41d2-ae1c-fa4c83bfc1d9}</UniqueIdentifier>
    </Filter>
    <Filter Include="01.Obj">
      <UniqueIdentifier>{4d89620c-8f70-42ae-9fcb-ec797b9538a3}</UniqueIdentifier>
    </Filter>
    <Filter Include="01.Obj\00.Player">
      <UniqueIdentifier>{3bc05efd-2032-4e9a-a538-2abcca6f8e9b}</UniqueIdentifier>
    </Filter>
    <Filter Include="01.Obj\01.Item">
      <UniqueIdentifier>{b7250322-7d6c-4708-a5bd-02649b76c5fd}</UniqueIdentifier>
    </Filter>
    <Filter Include="01.Obj\01.Item\00.Giant">
      <UniqueIdentifier>{71578c23-ac68-4c71-8cd0-1b24652dde27}</UniqueIdentifier>
    </Filter>
    <Filter Include="01.Obj\01.Item\01.Hpup">
      <UniqueIdentifier>{ea87ed95-8f64-4860-aeba-272a5d44e6c1}</UniqueIdentifier>
    </Filter>
    <Filter Include="01.Obj\01.Item\02.Score">
      <UniqueIdentifier>{2afbdc70-a662-48f3-9226-7c631676f64f}</UniqueIdentifier>
    </Filter>
    <Filter Include="01.Obj\01.Item\03.Speed">
      <UniqueIdentifier>{b483180d-8dcf-4717-a0f8-0f40ea97f29a}</UniqueIdentifier>
    </Filter>
    <Filter Include="01.Obj\02.Block">
      <UniqueIdentifier>{fc60ec51-087e-48fe-89e7-3c0a4459de54}</UniqueIdentifier>
    </Filter>
    <Filter Include="01.Obj\02.Block\00.Jump">
      <UniqueIdentifier>{9eca03b5-08b1-4765-b22d-935ecb22eb6f}</UniqueIdentifier>
    </Filter>
    <Filter Include="01.Obj\02.Block\01.Djump">
      <UniqueIdentifier>{598008c5-9c4e-4270-971d-cdb21aa3eaeb}</UniqueIdentifier>
    </Filter>
    <Filter Include="01.Obj\02.Block\03.Slide">
      <UniqueIdentifier>{8134eb41-060c-4719-926e-5611dec5218c}</UniqueIdentifier>
    </Filter>
    <Filter Include="01.Obj\02.Block\02.Land">
      <UniqueIdentifier>{bae4e8e1-73c2-408a-bbea-e3600bf00473}</UniqueIdentifier>
    </Filter>
  </ItemGroup>
</Project>