<?xml version="1.0" encoding="utf-8"?>
<Project ToolsVersion="4.0" xmlns="http://schemas.microsoft.com/developer/msbuild/2003">
  <ItemGroup>
    <ClCompile Include="CollisionMgr.cpp">
      <Filter>04.Manager\CollisionMgr</Filter>
    </ClCompile>
    <ClCompile Include="CookieRun.cpp">
      <Filter>99.Default</Filter>
    </ClCompile>
    <ClCompile Include="Giant.cpp">
      <Filter>01.Obj\00.Item\02.Giant</Filter>
    </ClCompile>
    <ClCompile Include="Hpup.cpp">
      <Filter>01.Obj\00.Item\01.Hpup</Filter>
    </ClCompile>
    <ClCompile Include="Graphic_Device.cpp">
      <Filter>04.Manager\Graphic_Device</Filter>
    </ClCompile>
    <ClCompile Include="KeyMgr.cpp">
      <Filter>04.Manager\KeyMgr</Filter>
    </ClCompile>
    <ClCompile Include="MainGame.cpp">
      <Filter>00.MainGame</Filter>
    </ClCompile>
    <ClCompile Include="MultiTexture.cpp">
      <Filter>02.Texture\Multy</Filter>
    </ClCompile>
    <ClCompile Include="SingleTexture.cpp">
      <Filter>02.Texture\Single</Filter>
    </ClCompile>
    <ClCompile Include="Obj.cpp">
      <Filter>01.Obj</Filter>
    </ClCompile>
    <ClCompile Include="ObjMgr.cpp">
      <Filter>04.Manager\ObjMgr</Filter>
    </ClCompile>
    <ClCompile Include="ScrollMgr.cpp">
      <Filter>04.Manager\ScrollMgr</Filter>
    </ClCompile>
    <ClCompile Include="Speed.cpp">
      <Filter>01.Obj\00.Item\04.Speed</Filter>
    </ClCompile>
    <ClCompile Include="Score.cpp">
      <Filter>01.Obj\00.Item\03.Point</Filter>
    </ClCompile>
    <ClCompile Include="Player.cpp">
      <Filter>01.Obj\01.Player</Filter>
    </ClCompile>
    <ClCompile Include="stdafx.cpp">
      <Filter>99.Default</Filter>
    </ClCompile>
    <ClCompile Include="Scene.cpp">
      <Filter>03.Scene</Filter>
    </ClCompile>
    <ClCompile Include="SceneMgr.cpp">
      <Filter>04.Manager\SceneMgr</Filter>
    </ClCompile>
    <ClCompile Include="Texture_Manager.cpp">
      <Filter>04.Manager\TextureMgr</Filter>
    </ClCompile>
    <ClCompile Include="Texture.cpp">
      <Filter>02.Texture</Filter>
    </ClCompile>
    <ClCompile Include="Land.cpp">
      <Filter>01.Obj\02.Block\00.Land</Filter>
    </ClCompile>
    <ClCompile Include="DjumpBlock.cpp">
      <Filter>01.Obj\02.Block\03.Djump</Filter>
    </ClCompile>
    <ClCompile Include="JumpBlock.cpp">
      <Filter>01.Obj\02.Block\02.Jump</Filter>
    </ClCompile>
    <ClCompile Include="SlideBlock.cpp">
      <Filter>01.Obj\02.Block\01.Slide</Filter>
    </ClCompile>
    <ClCompile Include="Stage.cpp">
      <Filter>03.Scene\00.Stage</Filter>
    </ClCompile>
    <ClCompile Include="Block.cpp">
      <Filter>01.Obj\02.Block</Filter>
    </ClCompile>
    <ClCompile Include="Jelly.cpp">
      <Filter>01.Obj\00.Item\05.Jelly</Filter>
    </ClCompile>
    <ClCompile Include="Stage_Setting.cpp">
      <Filter>04.Manager\StageSetting</Filter>
    </ClCompile>
  </ItemGroup>
  <ItemGroup>
    <ClInclude Include="CollisionMgr.h">
      <Filter>04.Manager\CollisionMgr</Filter>
    </ClInclude>
    <ClInclude Include="CookieRun.h">
      <Filter>99.Default</Filter>
    </ClInclude>
    <ClInclude Include="Define.h">
      <Filter>98.Headers</Filter>
    </ClInclude>
    <ClInclude Include="Enum.h">
      <Filter>98.Headers</Filter>
    </ClInclude>
    <ClInclude Include="Extern.h">
      <Filter>98.Headers</Filter>
    </ClInclude>
    <ClInclude Include="Function.h">
      <Filter>98.Headers</Filter>
    </ClInclude>
    <ClInclude Include="Giant.h">
      <Filter>01.Obj\00.Item\02.Giant</Filter>
    </ClInclude>
    <ClInclude Include="Hpup.h">
      <Filter>01.Obj\00.Item\01.Hpup</Filter>
    </ClInclude>
    <ClInclude Include="Include.h">
      <Filter>98.Headers</Filter>
    </ClInclude>
    <ClInclude Include="Graphic_Device.h">
      <Filter>04.Manager\Graphic_Device</Filter>
    </ClInclude>
    <ClInclude Include="KeyMgr.h">
      <Filter>04.Manager\KeyMgr</Filter>
    </ClInclude>
    <ClInclude Include="MainGame.h">
      <Filter>00.MainGame</Filter>
    </ClInclude>
    <ClInclude Include="MultiTexture.h">
      <Filter>02.Texture\Multy</Filter>
    </ClInclude>
    <ClInclude Include="SingleTexture.h">
      <Filter>02.Texture\Single</Filter>
    </ClInclude>
    <ClInclude Include="Obj.h">
      <Filter>01.Obj</Filter>
    </ClInclude>
    <ClInclude Include="ObjMgr.h">
      <Filter>04.Manager\ObjMgr</Filter>
    </ClInclude>
    <ClInclude Include="ScrollMgr.h">
      <Filter>04.Manager\ScrollMgr</Filter>
    </ClInclude>
    <ClInclude Include="Speed.h">
      <Filter>01.Obj\00.Item\04.Speed</Filter>
    </ClInclude>
    <ClInclude Include="Score.h">
      <Filter>01.Obj\00.Item\03.Point</Filter>
    </ClInclude>
    <ClInclude Include="Player.h">
      <Filter>01.Obj\01.Player</Filter>
    </ClInclude>
    <ClInclude Include="stdafx.h">
      <Filter>99.Default</Filter>
    </ClInclude>
    <ClInclude Include="targetver.h">
      <Filter>99.Default</Filter>
    </ClInclude>
    <ClInclude Include="Resource.h">
      <Filter>99.Default</Filter>
    </ClInclude>
    <ClInclude Include="Scene.h">
      <Filter>03.Scene</Filter>
    </ClInclude>
    <ClInclude Include="Struct.h">
      <Filter>98.Headers</Filter>
    </ClInclude>
    <ClInclude Include="SceneMgr.h">
      <Filter>04.Manager\SceneMgr</Filter>
    </ClInclude>
    <ClInclude Include="Texture_Manager.h">
      <Filter>04.Manager\TextureMgr</Filter>
    </ClInclude>
    <ClInclude Include="Texture.h">
      <Filter>02.Texture</Filter>
    </ClInclude>
    <ClInclude Include="Land.h">
      <Filter>01.Obj\02.Block\00.Land</Filter>
    </ClInclude>
    <ClInclude Include="DjumpBlock.h">
      <Filter>01.Obj\02.Block\03.Djump</Filter>
    </ClInclude>
    <ClInclude Include="JumpBlock.h">
      <Filter>01.Obj\02.Block\02.Jump</Filter>
    </ClInclude>
    <ClInclude Include="SlideBlock.h">
      <Filter>01.Obj\02.Block\01.Slide</Filter>
    </ClInclude>
    <ClInclude Include="Stage.h">
      <Filter>03.Scene\00.Stage</Filter>
    </ClInclude>
    <ClInclude Include="Block.h">
      <Filter>01.Obj\02.Block</Filter>
    </ClInclude>
    <ClInclude Include="Jelly.h">
      <Filter>01.Obj\00.Item\05.Jelly</Filter>
    </ClInclude>
    <ClInclude Include="Stage_Setting.h">
      <Filter>04.Manager\StageSetting</Filter>
    </ClInclude>
  </ItemGroup>
  <ItemGroup>
    <Image Include="CookieRun.ico">
      <Filter>99.Default</Filter>
    </Image>
    <Image Include="small.ico">
      <Filter>99.Default</Filter>
    </Image>
  </ItemGroup>
  <ItemGroup>
    <Filter Include="00.MainGame">
      <UniqueIdentifier>{11d34f90-50f1-4aae-a461-39ae899e7efd}</UniqueIdentifier>
    </Filter>
    <Filter Include="01.Obj">
      <UniqueIdentifier>{810933dc-51b7-4a30-9b72-22f19088fc7f}</UniqueIdentifier>
    </Filter>
    <Filter Include="02.Texture">
      <UniqueIdentifier>{24cfea32-c1c7-4ae2-b50a-6f49009bee73}</UniqueIdentifier>
    </Filter>
    <Filter Include="04.Manager">
      <UniqueIdentifier>{e6994c28-bc2c-48b9-b54d-9b54f68af78f}</UniqueIdentifier>
    </Filter>
    <Filter Include="98.Headers">
      <UniqueIdentifier>{6fb47d1f-a492-4adc-a033-bb6cd0df54c0}</UniqueIdentifier>
    </Filter>
    <Filter Include="99.Default">
      <UniqueIdentifier>{1aee68e2-7e5f-4189-b57e-59e22f44065e}</UniqueIdentifier>
    </Filter>
    <Filter Include="03.Scene">
      <UniqueIdentifier>{aa0279b4-a18f-4446-8e3c-175982ccc0ff}</UniqueIdentifier>
    </Filter>
    <Filter Include="01.Obj\00.Item">
      <UniqueIdentifier>{92134136-4793-400b-bc0e-fefce20937c5}</UniqueIdentifier>
    </Filter>
    <Filter Include="01.Obj\01.Player">
      <UniqueIdentifier>{8990bd3d-7f6c-4156-815d-209afb6f1ce7}</UniqueIdentifier>
    </Filter>
    <Filter Include="02.Texture\Multy">
      <UniqueIdentifier>{1f23dc30-4a7b-4962-b38a-dbd723151706}</UniqueIdentifier>
    </Filter>
    <Filter Include="02.Texture\Single">
      <UniqueIdentifier>{36545830-2006-473e-be1b-c2c33fbd1d3d}</UniqueIdentifier>
    </Filter>
    <Filter Include="04.Manager\CollisionMgr">
      <UniqueIdentifier>{3f5399aa-3284-4e02-8068-08d2491b7445}</UniqueIdentifier>
    </Filter>
    <Filter Include="04.Manager\Graphic_Device">
      <UniqueIdentifier>{f95dcc5f-ad01-4271-91cc-c0583127ea21}</UniqueIdentifier>
    </Filter>
    <Filter Include="04.Manager\KeyMgr">
      <UniqueIdentifier>{4a1d8cc3-17d2-4a66-97c3-99c2fbbd1942}</UniqueIdentifier>
    </Filter>
    <Filter Include="04.Manager\ObjMgr">
      <UniqueIdentifier>{f7a08f27-4f34-4a4d-a352-b6c3011b905d}</UniqueIdentifier>
    </Filter>
    <Filter Include="04.Manager\SceneMgr">
      <UniqueIdentifier>{3b8c64c4-991d-4804-9632-87dcc6d60ea4}</UniqueIdentifier>
    </Filter>
    <Filter Include="04.Manager\ScrollMgr">
      <UniqueIdentifier>{717124b8-4f14-43b2-abc9-34d3df7dd0ce}</UniqueIdentifier>
    </Filter>
    <Filter Include="04.Manager\TextureMgr">
      <UniqueIdentifier>{80210b38-9ed0-4ddb-8170-b1452e8cba34}</UniqueIdentifier>
    </Filter>
    <Filter Include="01.Obj\00.Item\01.Hpup">
      <UniqueIdentifier>{17c95ab5-3e5a-4142-8c63-fa5111771906}</UniqueIdentifier>
    </Filter>
    <Filter Include="01.Obj\00.Item\02.Giant">
      <UniqueIdentifier>{e078de5f-70c0-4c4a-9fa8-a90d9a37a061}</UniqueIdentifier>
    </Filter>
    <Filter Include="01.Obj\00.Item\03.Point">
      <UniqueIdentifier>{666f809f-d9b2-4392-b7c8-314a0a41cb2c}</UniqueIdentifier>
    </Filter>
    <Filter Include="01.Obj\00.Item\04.Speed">
      <UniqueIdentifier>{be87395f-ec1d-4423-bffa-1ada9a8ea8ba}</UniqueIdentifier>
    </Filter>
    <Filter Include="01.Obj\02.Block">
      <UniqueIdentifier>{435db660-6cb1-4dc3-8347-51023d2b4f87}</UniqueIdentifier>
    </Filter>
    <Filter Include="01.Obj\02.Block\00.Land">
      <UniqueIdentifier>{4d0af2f9-4aa1-4aa9-bd00-98e0887af5b7}</UniqueIdentifier>
    </Filter>
    <Filter Include="01.Obj\02.Block\01.Slide">
      <UniqueIdentifier>{2426a5ae-30da-45e5-9f26-7f02dde3b5e5}</UniqueIdentifier>
    </Filter>
    <Filter Include="01.Obj\02.Block\02.Jump">
      <UniqueIdentifier>{787d57e9-e65b-4f2f-9a53-afc3885a0616}</UniqueIdentifier>
    </Filter>
    <Filter Include="01.Obj\02.Block\03.Djump">
      <UniqueIdentifier>{33a8d352-c46d-4a7f-a136-e2afc1e22ff8}</UniqueIdentifier>
    </Filter>
    <Filter Include="03.Scene\00.Stage">
      <UniqueIdentifier>{068373d3-1f40-46f2-89d5-630eaed9678a}</UniqueIdentifier>
    </Filter>
    <Filter Include="04.Manager\LineMgr">
      <UniqueIdentifier>{c10fcd98-7dc7-4bfc-b431-b2c41747b2ae}</UniqueIdentifier>
    <Filter Include="01.Obj\00.Item\05.Jelly">
      <UniqueIdentifier>{3c1dd3a5-adbe-4446-8f3c-721d566a8a1c}</UniqueIdentifier>
    </Filter>
    <Filter Include="04.Manager\StageSetting">
      <UniqueIdentifier>{b1bdc231-55af-4920-bc62-f36e9a5ce7aa}</UniqueIdentifier>
    </Filter>
  </ItemGroup>
  <ItemGroup>
    <ResourceCompile Include="CookieRun.rc">
      <Filter>99.Default</Filter>
    </ResourceCompile>
  </ItemGroup>
  <ItemGroup>
    <Text Include="ReadMe.txt">
      <Filter>99.Default</Filter>
    </Text>
  </ItemGroup>
</Project>